
Microsoft Visual Studio Solution File, Format Version 12.00
# Visual Studio Version 16
VisualStudioVersion = 16.0.31702.278
MinimumVisualStudioVersion = 10.0.40219.1
Project("{9A19103F-16F7-4668-BE54-9A1E7A4F7556}") = "SportCentral", "SportCentral\SportCentral.csproj", "{8E5352BA-6A02-40FA-8216-5D7C7BAF1513}"
EndProject
Project("{9A19103F-16F7-4668-BE54-9A1E7A4F7556}") = "SportCentralLibLogic", "SportCentralLibLogic\SportCentralLibLogic.csproj", "{B396B065-0A75-49CB-A2E9-270361ED7126}"
EndProject
Project("{FAE04EC0-301F-11D3-BF4B-00C04F79EFBC}") = "SportCentralDAL", "SportCentralDAL\SportCentralDAL.csproj", "{A2D24102-35BE-4632-A5A5-6EBB79F6C9BE}"
EndProject
Project("{FAE04EC0-301F-11D3-BF4B-00C04F79EFBC}") = "SportCentralInterface", "SportCentralInterface\SportCentralInterface.csproj", "{12E7BCCC-C637-4DB5-80B2-F004EC429789}"
EndProject
Project("{FAE04EC0-301F-11D3-BF4B-00C04F79EFBC}") = "SportCentralTest", "SportCentralTest\SportCentralTest.csproj", "{F7E6300E-ADB2-466E-82E6-9AA7B1FF87E3}"
EndProject
Global
	GlobalSection(SolutionConfigurationPlatforms) = preSolution
		Debug|Any CPU = Debug|Any CPU
		Release|Any CPU = Release|Any CPU
	EndGlobalSection
	GlobalSection(ProjectConfigurationPlatforms) = postSolution
		{8E5352BA-6A02-40FA-8216-5D7C7BAF1513}.Debug|Any CPU.ActiveCfg = Debug|Any CPU
		{8E5352BA-6A02-40FA-8216-5D7C7BAF1513}.Debug|Any CPU.Build.0 = Debug|Any CPU
		{8E5352BA-6A02-40FA-8216-5D7C7BAF1513}.Release|Any CPU.ActiveCfg = Release|Any CPU
		{8E5352BA-6A02-40FA-8216-5D7C7BAF1513}.Release|Any CPU.Build.0 = Release|Any CPU
		{B396B065-0A75-49CB-A2E9-270361ED7126}.Debug|Any CPU.ActiveCfg = Debug|Any CPU
		{B396B065-0A75-49CB-A2E9-270361ED7126}.Debug|Any CPU.Build.0 = Debug|Any CPU
		{B396B065-0A75-49CB-A2E9-270361ED7126}.Release|Any CPU.ActiveCfg = Release|Any CPU
		{B396B065-0A75-49CB-A2E9-270361ED7126}.Release|Any CPU.Build.0 = Release|Any CPU
		{A2D24102-35BE-4632-A5A5-6EBB79F6C9BE}.Debug|Any CPU.ActiveCfg = Debug|Any CPU
		{A2D24102-35BE-4632-A5A5-6EBB79F6C9BE}.Debug|Any CPU.Build.0 = Debug|Any CPU
		{A2D24102-35BE-4632-A5A5-6EBB79F6C9BE}.Release|Any CPU.ActiveCfg = Release|Any CPU
		{A2D24102-35BE-4632-A5A5-6EBB79F6C9BE}.Release|Any CPU.Build.0 = Release|Any CPU
		{12E7BCCC-C637-4DB5-80B2-F004EC429789}.Debug|Any CPU.ActiveCfg = Debug|Any CPU
		{12E7BCCC-C637-4DB5-80B2-F004EC429789}.Debug|Any CPU.Build.0 = Debug|Any CPU
		{12E7BCCC-C637-4DB5-80B2-F004EC429789}.Release|Any CPU.ActiveCfg = Release|Any CPU
		{12E7BCCC-C637-4DB5-80B2-F004EC429789}.Release|Any CPU.Build.0 = Release|Any CPU
		{F7E6300E-ADB2-466E-82E6-9AA7B1FF87E3}.Debug|Any CPU.ActiveCfg = Debug|Any CPU
		{F7E6300E-ADB2-466E-82E6-9AA7B1FF87E3}.Debug|Any CPU.Build.0 = Debug|Any CPU
		{F7E6300E-ADB2-466E-82E6-9AA7B1FF87E3}.Release|Any CPU.ActiveCfg = Release|Any CPU
		{F7E6300E-ADB2-466E-82E6-9AA7B1FF87E3}.Release|Any CPU.Build.0 = Release|Any CPU
	EndGlobalSection
	GlobalSection(SolutionProperties) = preSolution
		HideSolutionNode = FALSE
	EndGlobalSection
	GlobalSection(ExtensibilityGlobals) = postSolution
		SolutionGuid = {5C8451FF-2922-4156-A79F-635DD861EF82}
	EndGlobalSection
EndGlobal
